
Microsoft Visual Studio Solution File, Format Version 12.00
# Visual Studio Version 16
VisualStudioVersion = 16.0.32002.261
MinimumVisualStudioVersion = 10.0.40219.1
Project("{FAE04EC0-301F-11D3-BF4B-00C04F79EFBC}") = "Bilton", "Bilton.csproj", "{AC2B123F-E92A-4605-9411-B00C8845C1CC}"
EndProject
Global
	GlobalSection(SolutionConfigurationPlatforms) = preSolution
		Debug|Any CPU = Debug|Any CPU
		Release|Any CPU = Release|Any CPU
	EndGlobalSection
	GlobalSection(ProjectConfigurationPlatforms) = postSolution
		{AC2B123F-E92A-4605-9411-B00C8845C1CC}.Debug|Any CPU.ActiveCfg = Debug|Any CPU
		{AC2B123F-E92A-4605-9411-B00C8845C1CC}.Debug|Any CPU.Build.0 = Debug|Any CPU
		{AC2B123F-E92A-4605-9411-B00C8845C1CC}.Release|Any CPU.ActiveCfg = Release|Any CPU
		{AC2B123F-E92A-4605-9411-B00C8845C1CC}.Release|Any CPU.Build.0 = Release|Any CPU
	EndGlobalSection
	GlobalSection(SolutionProperties) = preSolution
		HideSolutionNode = FALSE
	EndGlobalSection
	GlobalSection(ExtensibilityGlobals) = postSolution
		SolutionGuid = {4AC53DC5-7CC6-4D63-87AF-063308E302AA}
	EndGlobalSection
EndGlobal
